
Microsoft Visual Studio Solution File, Format Version 12.00
# Visual Studio Version 17
VisualStudioVersion = 17.5.002.0
MinimumVisualStudioVersion = 10.0.40219.1
Project("{9A19103F-16F7-4668-BE54-9A1E7A4F7556}") = "C# - Math", "C# - Math.csproj", "{B81CB2CD-EA8F-4C94-A175-C361385334E4}"
EndProject
Global
	GlobalSection(SolutionConfigurationPlatforms) = preSolution
		Debug|Any CPU = Debug|Any CPU
		Release|Any CPU = Release|Any CPU
	EndGlobalSection
	GlobalSection(ProjectConfigurationPlatforms) = postSolution
		{B81CB2CD-EA8F-4C94-A175-C361385334E4}.Debug|Any CPU.ActiveCfg = Debug|Any CPU
		{B81CB2CD-EA8F-4C94-A175-C361385334E4}.Debug|Any CPU.Build.0 = Debug|Any CPU
		{B81CB2CD-EA8F-4C94-A175-C361385334E4}.Release|Any CPU.ActiveCfg = Release|Any CPU
		{B81CB2CD-EA8F-4C94-A175-C361385334E4}.Release|Any CPU.Build.0 = Release|Any CPU
	EndGlobalSection
	GlobalSection(SolutionProperties) = preSolution
		HideSolutionNode = FALSE
	EndGlobalSection
	GlobalSection(ExtensibilityGlobals) = postSolution
		SolutionGuid = {C0328780-DCAD-4F52-8C7C-0279B479B8FB}
	EndGlobalSection
EndGlobal
